uuid: e5a90be6-041a-465d-8556-4ff7b2de0150
langcode: en
status: false
dependencies:
  config:
    - contact.form.contact
  module:
    - contact_block
    - node
  theme:
    - keytec
id: contactblock
theme: keytec
region: '-1'
weight: -7
provider: null
plugin: contact_block
settings:
  id: contact_block
  label: 'Contact block'
  provider: contact_block
  label_display: '0'
  contact_form: contact
visibility:
  node_type:
    id: node_type
    bundles:
      article: article
      clients: clients
      page: page
      reference: reference
      service: service
    negate: false
    context_mapping:
      node: '@node.node_route_context:node'
